
Microsoft Visual Studio Solution File, Format Version 12.00
# Visual Studio Version 16
VisualStudioVersion = 16.0.32802.440
MinimumVisualStudioVersion = 10.0.40219.1
Project("{FAE04EC0-301F-11D3-BF4B-00C04F79EFBC}") = "WorkFlowEngine.Domain", "WorkFlowEngine.Domain\WorkFlowEngine.Domain.csproj", "{314A6CD3-30E7-4959-83C0-CBB98E5B12F8}"
EndProject
Project("{FAE04EC0-301F-11D3-BF4B-00C04F79EFBC}") = "WorkFlowEngine.IRepository", "WorkFlowEngine.IRepository\WorkFlowEngine.IRepository.csproj", "{FBB30ED5-C52E-4FC2-9AA3-15FB80DCB47F}"
EndProject
Project("{FAE04EC0-301F-11D3-BF4B-00C04F79EFBC}") = "WorkFlowEngine.Repository", "WorkFlowEngine.Repository\WorkFlowEngine.Repository.csproj", "{1EA7D885-AE54-45F5-AE8C-F3996122A62B}"
EndProject
Project("{9A19103F-16F7-4668-BE54-9A1E7A4F7556}") = "WorkFlowEngine.Web", "WorkFlowEngine.Web\WorkFlowEngine.Web.csproj", "{A74E259F-CFC5-421F-BEC5-2286FF139BE5}"
EndProject
Project("{FAE04EC0-301F-11D3-BF4B-00C04F79EFBC}") = "WorkFlowEngine.API", "WorkFlowEngine.API\WorkFlowEngine.API.csproj", "{B254E647-5541-4A66-8224-4D93DAA58472}"
EndProject
Global
	GlobalSection(SolutionConfigurationPlatforms) = preSolution
		Debug|Any CPU = Debug|Any CPU
		Release|Any CPU = Release|Any CPU
	EndGlobalSection
	GlobalSection(ProjectConfigurationPlatforms) = postSolution
		{314A6CD3-30E7-4959-83C0-CBB98E5B12F8}.Debug|Any CPU.ActiveCfg = Debug|Any CPU
		{314A6CD3-30E7-4959-83C0-CBB98E5B12F8}.Debug|Any CPU.Build.0 = Debug|Any CPU
		{314A6CD3-30E7-4959-83C0-CBB98E5B12F8}.Release|Any CPU.ActiveCfg = Release|Any CPU
		{314A6CD3-30E7-4959-83C0-CBB98E5B12F8}.Release|Any CPU.Build.0 = Release|Any CPU
		{FBB30ED5-C52E-4FC2-9AA3-15FB80DCB47F}.Debug|Any CPU.ActiveCfg = Debug|Any CPU
		{FBB30ED5-C52E-4FC2-9AA3-15FB80DCB47F}.Debug|Any CPU.Build.0 = Debug|Any CPU
		{FBB30ED5-C52E-4FC2-9AA3-15FB80DCB47F}.Release|Any CPU.ActiveCfg = Release|Any CPU
		{FBB30ED5-C52E-4FC2-9AA3-15FB80DCB47F}.Release|Any CPU.Build.0 = Release|Any CPU
		{1EA7D885-AE54-45F5-AE8C-F3996122A62B}.Debug|Any CPU.ActiveCfg = Debug|Any CPU
		{1EA7D885-AE54-45F5-AE8C-F3996122A62B}.Debug|Any CPU.Build.0 = Debug|Any CPU
		{1EA7D885-AE54-45F5-AE8C-F3996122A62B}.Release|Any CPU.ActiveCfg = Release|Any CPU
		{1EA7D885-AE54-45F5-AE8C-F3996122A62B}.Release|Any CPU.Build.0 = Release|Any CPU
		{A74E259F-CFC5-421F-BEC5-2286FF139BE5}.Debug|Any CPU.ActiveCfg = Debug|Any CPU
		{A74E259F-CFC5-421F-BEC5-2286FF139BE5}.Debug|Any CPU.Build.0 = Debug|Any CPU
		{A74E259F-CFC5-421F-BEC5-2286FF139BE5}.Release|Any CPU.ActiveCfg = Release|Any CPU
		{A74E259F-CFC5-421F-BEC5-2286FF139BE5}.Release|Any CPU.Build.0 = Release|Any CPU
		{B254E647-5541-4A66-8224-4D93DAA58472}.Debug|Any CPU.ActiveCfg = Debug|Any CPU
		{B254E647-5541-4A66-8224-4D93DAA58472}.Debug|Any CPU.Build.0 = Debug|Any CPU
		{B254E647-5541-4A66-8224-4D93DAA58472}.Release|Any CPU.ActiveCfg = Release|Any CPU
		{B254E647-5541-4A66-8224-4D93DAA58472}.Release|Any CPU.Build.0 = Release|Any CPU
	EndGlobalSection
	GlobalSection(SolutionProperties) = preSolution
		HideSolutionNode = FALSE
	EndGlobalSection
	GlobalSection(ExtensibilityGlobals) = postSolution
		SolutionGuid = {DDF3E0F8-6373-454F-AC23-BFC97BE8196B}
	EndGlobalSection
EndGlobal
